
Microsoft Visual Studio Solution File, Format Version 12.00
# Visual Studio Version 17
VisualStudioVersion = 17.3.32929.385
MinimumVisualStudioVersion = 10.0.40219.1
Project("{FAE04EC0-301F-11D3-BF4B-00C04F79EFBC}") = "WindowsFormsApp1", "WindowsFormsApp1.csproj", "{57334782-919B-4752-A2EE-C5E0CEE43BAE}"
EndProject
Global
	GlobalSection(SolutionConfigurationPlatforms) = preSolution
		Debug|Any CPU = Debug|Any CPU
		Release|Any CPU = Release|Any CPU
	EndGlobalSection
	GlobalSection(ProjectConfigurationPlatforms) = postSolution
		{57334782-919B-4752-A2EE-C5E0CEE43BAE}.Debug|Any CPU.ActiveCfg = Debug|Any CPU
		{57334782-919B-4752-A2EE-C5E0CEE43BAE}.Debug|Any CPU.Build.0 = Debug|Any CPU
		{57334782-919B-4752-A2EE-C5E0CEE43BAE}.Release|Any CPU.ActiveCfg = Release|Any CPU
		{57334782-919B-4752-A2EE-C5E0CEE43BAE}.Release|Any CPU.Build.0 = Release|Any CPU
	EndGlobalSection
	GlobalSection(SolutionProperties) = preSolution
		HideSolutionNode = FALSE
	EndGlobalSection
	GlobalSection(ExtensibilityGlobals) = postSolution
		SolutionGuid = {8960E77B-D87E-419C-94C5-DF41B172D958}
	EndGlobalSection
EndGlobal
